
Microsoft Visual Studio Solution File, Format Version 12.00
# Visual Studio Version 16
VisualStudioVersion = 16.0.31205.134
MinimumVisualStudioVersion = 10.0.40219.1
Project("{FAE04EC0-301F-11D3-BF4B-00C04F79EFBC}") = "AdminForm", "AdminForm\AdminForm.csproj", "{7B034DB6-5DF1-4D9F-AC87-FEAD7EE94AA1}"
	ProjectSection(ProjectDependencies) = postProject
		{DD273276-A822-47ED-958C-43DDC2F7123E} = {DD273276-A822-47ED-958C-43DDC2F7123E}
	EndProjectSection
EndProject
Project("{FAE04EC0-301F-11D3-BF4B-00C04F79EFBC}") = "GymCompetitionTest", "GymCompetitionTest\GymCompetitionTest.csproj", "{DD273276-A822-47ED-958C-43DDC2F7123E}"
EndProject
Global
	GlobalSection(SolutionConfigurationPlatforms) = preSolution
		Debug|Any CPU = Debug|Any CPU
		Release|Any CPU = Release|Any CPU
	EndGlobalSection
	GlobalSection(ProjectConfigurationPlatforms) = postSolution
		{7B034DB6-5DF1-4D9F-AC87-FEAD7EE94AA1}.Debug|Any CPU.ActiveCfg = Debug|Any CPU
		{7B034DB6-5DF1-4D9F-AC87-FEAD7EE94AA1}.Debug|Any CPU.Build.0 = Debug|Any CPU
		{7B034DB6-5DF1-4D9F-AC87-FEAD7EE94AA1}.Release|Any CPU.ActiveCfg = Release|Any CPU
		{7B034DB6-5DF1-4D9F-AC87-FEAD7EE94AA1}.Release|Any CPU.Build.0 = Release|Any CPU
		{DD273276-A822-47ED-958C-43DDC2F7123E}.Debug|Any CPU.ActiveCfg = Debug|Any CPU
		{DD273276-A822-47ED-958C-43DDC2F7123E}.Debug|Any CPU.Build.0 = Debug|Any CPU
		{DD273276-A822-47ED-958C-43DDC2F7123E}.Release|Any CPU.ActiveCfg = Release|Any CPU
		{DD273276-A822-47ED-958C-43DDC2F7123E}.Release|Any CPU.Build.0 = Release|Any CPU
	EndGlobalSection
	GlobalSection(SolutionProperties) = preSolution
		HideSolutionNode = FALSE
	EndGlobalSection
	GlobalSection(ExtensibilityGlobals) = postSolution
		SolutionGuid = {7EBC89CE-5956-4B6B-B30F-751F19E490BB}
	EndGlobalSection
EndGlobal
